
Microsoft Visual Studio Solution File, Format Version 12.00
# Visual Studio Version 16
VisualStudioVersion = 16.0.31515.178
MinimumVisualStudioVersion = 10.0.40219.1
Project("{9A19103F-16F7-4668-BE54-9A1E7A4F7556}") = "Temporary directory analysis", "Temporary directory analysis\Temporary directory analysis.csproj", "{0DE4AC4E-CF15-447D-B9C6-70FCA4A1DBFA}"
EndProject
Project("{E53339B2-1760-4266-BCC7-CA923CBCF16C}") = "docker-compose", "docker-compose.dcproj", "{A97DEA87-7B48-4B8C-BAF9-E3E03377A3A4}"
EndProject
Global
	GlobalSection(SolutionConfigurationPlatforms) = preSolution
		Debug|Any CPU = Debug|Any CPU
		Release|Any CPU = Release|Any CPU
	EndGlobalSection
	GlobalSection(ProjectConfigurationPlatforms) = postSolution
		{0DE4AC4E-CF15-447D-B9C6-70FCA4A1DBFA}.Debug|Any CPU.ActiveCfg = Debug|Any CPU
		{0DE4AC4E-CF15-447D-B9C6-70FCA4A1DBFA}.Debug|Any CPU.Build.0 = Debug|Any CPU
		{0DE4AC4E-CF15-447D-B9C6-70FCA4A1DBFA}.Release|Any CPU.ActiveCfg = Release|Any CPU
		{0DE4AC4E-CF15-447D-B9C6-70FCA4A1DBFA}.Release|Any CPU.Build.0 = Release|Any CPU
		{A97DEA87-7B48-4B8C-BAF9-E3E03377A3A4}.Debug|Any CPU.ActiveCfg = Debug|Any CPU
		{A97DEA87-7B48-4B8C-BAF9-E3E03377A3A4}.Debug|Any CPU.Build.0 = Debug|Any CPU
		{A97DEA87-7B48-4B8C-BAF9-E3E03377A3A4}.Release|Any CPU.ActiveCfg = Release|Any CPU
		{A97DEA87-7B48-4B8C-BAF9-E3E03377A3A4}.Release|Any CPU.Build.0 = Release|Any CPU
	EndGlobalSection
	GlobalSection(SolutionProperties) = preSolution
		HideSolutionNode = FALSE
	EndGlobalSection
	GlobalSection(ExtensibilityGlobals) = postSolution
		SolutionGuid = {F891480E-1036-4425-A8D8-7EA62636843F}
	EndGlobalSection
EndGlobal
